
Microsoft Visual Studio Solution File, Format Version 12.00
# Visual Studio Version 17
VisualStudioVersion = 17.4.33110.190
MinimumVisualStudioVersion = 10.0.40219.1
Project("{FAE04EC0-301F-11D3-BF4B-00C04F79EFBC}") = "DATC_Arlecchino", "DATC_Arlecchino\DATC_Arlecchino.csproj", "{764A61CB-D4F4-45DC-9D5E-32C6A06EBE56}"
EndProject
Global
	GlobalSection(SolutionConfigurationPlatforms) = preSolution
		Debug|Any CPU = Debug|Any CPU
		Release|Any CPU = Release|Any CPU
	EndGlobalSection
	GlobalSection(ProjectConfigurationPlatforms) = postSolution
		{764A61CB-D4F4-45DC-9D5E-32C6A06EBE56}.Debug|Any CPU.ActiveCfg = Debug|Any CPU
		{764A61CB-D4F4-45DC-9D5E-32C6A06EBE56}.Debug|Any CPU.Build.0 = Debug|Any CPU
		{764A61CB-D4F4-45DC-9D5E-32C6A06EBE56}.Release|Any CPU.ActiveCfg = Release|Any CPU
		{764A61CB-D4F4-45DC-9D5E-32C6A06EBE56}.Release|Any CPU.Build.0 = Release|Any CPU
	EndGlobalSection
	GlobalSection(SolutionProperties) = preSolution
		HideSolutionNode = FALSE
	EndGlobalSection
	GlobalSection(ExtensibilityGlobals) = postSolution
		SolutionGuid = {1C480907-9A95-433D-9807-D345DB739AF2}
	EndGlobalSection
EndGlobal
